
Microsoft Visual Studio Solution File, Format Version 12.00
# Visual Studio 14
VisualStudioVersion = 14.0.23107.0
MinimumVisualStudioVersion = 10.0.40219.1
Project("{FAE04EC0-301F-11D3-BF4B-00C04F79EFBC}") = "FizzBuzz", "FizzBuzz\FizzBuzz.csproj", "{31798229-FC87-4506-9850-C85FD953D1F0}"
EndProject
Project("{FAE04EC0-301F-11D3-BF4B-00C04F79EFBC}") = "FizzBuzz.Tests", "FizzBuzz.Tests\FizzBuzz.Tests.csproj", "{F62A3F17-64F6-4A99-BC90-72FDDB7AE926}"
EndProject
Global
	GlobalSection(SolutionConfigurationPlatforms) = preSolution
		Debug|Any CPU = Debug|Any CPU
		Release|Any CPU = Release|Any CPU
	EndGlobalSection
	GlobalSection(ProjectConfigurationPlatforms) = postSolution
		{31798229-FC87-4506-9850-C85FD953D1F0}.Debug|Any CPU.ActiveCfg = Debug|Any CPU
		{31798229-FC87-4506-9850-C85FD953D1F0}.Debug|Any CPU.Build.0 = Debug|Any CPU
		{31798229-FC87-4506-9850-C85FD953D1F0}.Release|Any CPU.ActiveCfg = Release|Any CPU
		{31798229-FC87-4506-9850-C85FD953D1F0}.Release|Any CPU.Build.0 = Release|Any CPU
		{F62A3F17-64F6-4A99-BC90-72FDDB7AE926}.Debug|Any CPU.ActiveCfg = Debug|Any CPU
		{F62A3F17-64F6-4A99-BC90-72FDDB7AE926}.Debug|Any CPU.Build.0 = Debug|Any CPU
		{F62A3F17-64F6-4A99-BC90-72FDDB7AE926}.Release|Any CPU.ActiveCfg = Release|Any CPU
		{F62A3F17-64F6-4A99-BC90-72FDDB7AE926}.Release|Any CPU.Build.0 = Release|Any CPU
	EndGlobalSection
	GlobalSection(SolutionProperties) = preSolution
		HideSolutionNode = FALSE
	EndGlobalSection
EndGlobal
